
Microsoft Visual Studio Solution File, Format Version 12.00
# Visual Studio 2013
VisualStudioVersion = 12.0.21005.1
MinimumVisualStudioVersion = 10.0.40219.1
Project("{FAE04EC0-301F-11D3-BF4B-00C04F79EFBC}") = "wcfCommRequest", "wcfCommRequest\wcfCommRequest.csproj", "{32EDD7CB-570D-4525-99DC-D768E81D9E7A}"
EndProject
Global
	GlobalSection(TeamFoundationVersionControl) = preSolution
		SccNumberOfProjects = 2
		SccEnterpriseProvider = {4CA58AB2-18FA-4F8D-95D4-32DDF27D184C}
		SccTeamFoundationServer = http://192.168.13.110:8080/tfs/defaultcollection
		SccLocalPath0 = .
		SccProjectUniqueName1 = wcfCommRequest\\wcfCommRequest.csproj
		SccProjectName1 = wcfCommRequest
		SccLocalPath1 = wcfCommRequest
	EndGlobalSection
	GlobalSection(SolutionConfigurationPlatforms) = preSolution
		Debug|Any CPU = Debug|Any CPU
		Release|Any CPU = Release|Any CPU
	EndGlobalSection
	GlobalSection(ProjectConfigurationPlatforms) = postSolution
		{32EDD7CB-570D-4525-99DC-D768E81D9E7A}.Debug|Any CPU.ActiveCfg = Debug|Any CPU
		{32EDD7CB-570D-4525-99DC-D768E81D9E7A}.Debug|Any CPU.Build.0 = Debug|Any CPU
		{32EDD7CB-570D-4525-99DC-D768E81D9E7A}.Release|Any CPU.ActiveCfg = Release|Any CPU
		{32EDD7CB-570D-4525-99DC-D768E81D9E7A}.Release|Any CPU.Build.0 = Release|Any CPU
	EndGlobalSection
	GlobalSection(SolutionProperties) = preSolution
		HideSolutionNode = FALSE
	EndGlobalSection
EndGlobal
